{
  "requires": true,
  "lockfileVersion": 1,
  "dependencies": {
    "vuepress-plugin-zooming": {
      "version": "1.1.7",
      "resolved": "https://registry.npmjs.org/vuepress-plugin-zooming/-/vuepress-plugin-zooming-1.1.7.tgz",
      "integrity": "sha512-4n65OpjEJh9epJYygaHpni+YDLDZlEmHPVzTEkXz4JilBarWG4xF8g8vv4k/RnSf9W3TvrI/61KCQf2JNKI1HA==",
      "dev": true,
      "requires": {
        "zooming": "^2.1.1"
      }
    },
    "zooming": {
      "version": "2.1.1",
      "resolved": "https://registry.npmjs.org/zooming/-/zooming-2.1.1.tgz",
      "integrity": "sha512-Z38dkZRQsFNBE67+xDBQLNKMs5J1Gc+s3/zO6iezTrC24VYLJV7YPBdBDJmiLhff5qa6Awxv4wsjqx3oYz2MYA==",
      "dev": true
    }
  }
}
